Microsoft Visual Studio Solution File, Format Version 12.00
# Visual Studio Version 17
VisualStudioVersion = 17.13.35825.156
MinimumVisualStudioVersion = 10.0.40219.1
Project("{FAE04EC0-301F-11D3-BF4B-00C04F79EFBC}") = "Question3", "Question3\Question3.csproj", "{76EAD0E2-5E54-432F-983E-21547326418B}"
EndProject
Global
	GlobalSection(SolutionConfigurationPlatforms) = preSolution
		Debug|Any CPU = Debug|Any CPU
		Release|Any CPU = Release|Any CPU
	EndGlobalSection
	GlobalSection(ProjectConfigurationPlatforms) = postSolution
		{76EAD0E2-5E54-432F-983E-21547326418B}.Debug|Any CPU.ActiveCfg = Debug|Any CPU
		{76EAD0E2-5E54-432F-983E-21547326418B}.Debug|Any CPU.Build.0 = Debug|Any CPU
		{76EAD0E2-5E54-432F-983E-21547326418B}.Release|Any CPU.ActiveCfg = Release|Any CPU
		{76EAD0E2-5E54-432F-983E-21547326418B}.Release|Any CPU.Build.0 = Release|Any CPU
	EndGlobalSection
	GlobalSection(SolutionProperties) = preSolution
		HideSolutionNode = FALSE
	EndGlobalSection
	GlobalSection(ExtensibilityGlobals) = postSolution
		SolutionGuid = {B08749C8-11F7-4C5B-BCF1-6498E78610B5}
	EndGlobalSection
EndGlobal
