Microsoft Visual Studio Solution File, Format Version 12.00
# Visual Studio Version 17
VisualStudioVersion = 17.13.35825.156
MinimumVisualStudioVersion = 10.0.40219.1
Project("{FAE04EC0-301F-11D3-BF4B-00C04F79EFBC}") = "FindTheDifference", "FindTheDifference\FindTheDifference.csproj", "{480F3AC0-54AD-4077-8EC3-53EEC1B6FFB6}"
EndProject
Global
	GlobalSection(SolutionConfigurationPlatforms) = preSolution
		Debug|Any CPU = Debug|Any CPU
		Release|Any CPU = Release|Any CPU
	EndGlobalSection
	GlobalSection(ProjectConfigurationPlatforms) = postSolution
		{480F3AC0-54AD-4077-8EC3-53EEC1B6FFB6}.Debug|Any CPU.ActiveCfg = Debug|Any CPU
		{480F3AC0-54AD-4077-8EC3-53EEC1B6FFB6}.Debug|Any CPU.Build.0 = Debug|Any CPU
		{480F3AC0-54AD-4077-8EC3-53EEC1B6FFB6}.Release|Any CPU.ActiveCfg = Release|Any CPU
		{480F3AC0-54AD-4077-8EC3-53EEC1B6FFB6}.Release|Any CPU.Build.0 = Release|Any CPU
	EndGlobalSection
	GlobalSection(SolutionProperties) = preSolution
		HideSolutionNode = FALSE
	EndGlobalSection
	GlobalSection(ExtensibilityGlobals) = postSolution
		SolutionGuid = {3A6C28C7-1446-46E7-834F-570E86B23514}
	EndGlobalSection
EndGlobal
