Microsoft Visual Studio Solution File, Format Version 12.00
# Visual Studio Version 17
VisualStudioVersion = 17.13.35825.156
MinimumVisualStudioVersion = 10.0.40219.1
Project("{FAE04EC0-301F-11D3-BF4B-00C04F79EFBC}") = "MergeStringsAlternately", "MergeStringsAlternately\MergeStringsAlternately.csproj", "{9DF2F5BB-0476-4214-BB0A-75F0BB87A030}"
EndProject
Global
	GlobalSection(SolutionConfigurationPlatforms) = preSolution
		Debug|Any CPU = Debug|Any CPU
		Release|Any CPU = Release|Any CPU
	EndGlobalSection
	GlobalSection(ProjectConfigurationPlatforms) = postSolution
		{9DF2F5BB-0476-4214-BB0A-75F0BB87A030}.Debug|Any CPU.ActiveCfg = Debug|Any CPU
		{9DF2F5BB-0476-4214-BB0A-75F0BB87A030}.Debug|Any CPU.Build.0 = Debug|Any CPU
		{9DF2F5BB-0476-4214-BB0A-75F0BB87A030}.Release|Any CPU.ActiveCfg = Release|Any CPU
		{9DF2F5BB-0476-4214-BB0A-75F0BB87A030}.Release|Any CPU.Build.0 = Release|Any CPU
	EndGlobalSection
	GlobalSection(SolutionProperties) = preSolution
		HideSolutionNode = FALSE
	EndGlobalSection
	GlobalSection(ExtensibilityGlobals) = postSolution
		SolutionGuid = {3CF28070-0F83-4675-856D-B8E33AF8CDE3}
	EndGlobalSection
EndGlobal
