Microsoft Visual Studio Solution File, Format Version 12.00
# Visual Studio Version 17
VisualStudioVersion = 17.13.35825.156
MinimumVisualStudioVersion = 10.0.40219.1
Project("{FAE04EC0-301F-11D3-BF4B-00C04F79EFBC}") = "SegmentsInString", "SegmentsInString\SegmentsInString.csproj", "{8751C4A9-31B8-4E45-B625-AA1D14FCB023}"
EndProject
Global
	GlobalSection(SolutionConfigurationPlatforms) = preSolution
		Debug|Any CPU = Debug|Any CPU
		Release|Any CPU = Release|Any CPU
	EndGlobalSection
	GlobalSection(ProjectConfigurationPlatforms) = postSolution
		{8751C4A9-31B8-4E45-B625-AA1D14FCB023}.Debug|Any CPU.ActiveCfg = Debug|Any CPU
		{8751C4A9-31B8-4E45-B625-AA1D14FCB023}.Debug|Any CPU.Build.0 = Debug|Any CPU
		{8751C4A9-31B8-4E45-B625-AA1D14FCB023}.Release|Any CPU.ActiveCfg = Release|Any CPU
		{8751C4A9-31B8-4E45-B625-AA1D14FCB023}.Release|Any CPU.Build.0 = Release|Any CPU
	EndGlobalSection
	GlobalSection(SolutionProperties) = preSolution
		HideSolutionNode = FALSE
	EndGlobalSection
	GlobalSection(ExtensibilityGlobals) = postSolution
		SolutionGuid = {648B81F7-B658-40C0-835B-C56E8C647654}
	EndGlobalSection
EndGlobal
