Microsoft Visual Studio Solution File, Format Version 12.00
# Visual Studio Version 17
VisualStudioVersion = 17.13.35825.156
MinimumVisualStudioVersion = 10.0.40219.1
Project("{FAE04EC0-301F-11D3-BF4B-00C04F79EFBC}") = "HappyNumber", "HappyNumber\HappyNumber.csproj", "{B4A08D34-18DC-4B9B-B0FD-264FFDEFE1F9}"
EndProject
Global
	GlobalSection(SolutionConfigurationPlatforms) = preSolution
		Debug|Any CPU = Debug|Any CPU
		Release|Any CPU = Release|Any CPU
	EndGlobalSection
	GlobalSection(ProjectConfigurationPlatforms) = postSolution
		{B4A08D34-18DC-4B9B-B0FD-264FFDEFE1F9}.Debug|Any CPU.ActiveCfg = Debug|Any CPU
		{B4A08D34-18DC-4B9B-B0FD-264FFDEFE1F9}.Debug|Any CPU.Build.0 = Debug|Any CPU
		{B4A08D34-18DC-4B9B-B0FD-264FFDEFE1F9}.Release|Any CPU.ActiveCfg = Release|Any CPU
		{B4A08D34-18DC-4B9B-B0FD-264FFDEFE1F9}.Release|Any CPU.Build.0 = Release|Any CPU
	EndGlobalSection
	GlobalSection(SolutionProperties) = preSolution
		HideSolutionNode = FALSE
	EndGlobalSection
	GlobalSection(ExtensibilityGlobals) = postSolution
		SolutionGuid = {95205B24-1C3B-464C-83E4-D39A85402197}
	EndGlobalSection
EndGlobal
