
Microsoft Visual Studio Solution File, Format Version 12.00
# Visual Studio Version 17
VisualStudioVersion = 17.13.35825.156 d17.13
MinimumVisualStudioVersion = 10.0.40219.1
Project("{FAE04EC0-301F-11D3-BF4B-00C04F79EFBC}") = "AnimalsAndSounds", "AnimalsAndSounds\AnimalsAndSounds.csproj", "{BBCC3F19-5735-4469-9F20-2F55F9FD34F1}"
EndProject
Global
	GlobalSection(SolutionConfigurationPlatforms) = preSolution
		Debug|Any CPU = Debug|Any CPU
		Release|Any CPU = Release|Any CPU
	EndGlobalSection
	GlobalSection(ProjectConfigurationPlatforms) = postSolution
		{BBCC3F19-5735-4469-9F20-2F55F9FD34F1}.Debug|Any CPU.ActiveCfg = Debug|Any CPU
		{BBCC3F19-5735-4469-9F20-2F55F9FD34F1}.Debug|Any CPU.Build.0 = Debug|Any CPU
		{BBCC3F19-5735-4469-9F20-2F55F9FD34F1}.Release|Any CPU.ActiveCfg = Release|Any CPU
		{BBCC3F19-5735-4469-9F20-2F55F9FD34F1}.Release|Any CPU.Build.0 = Release|Any CPU
	EndGlobalSection
	GlobalSection(SolutionProperties) = preSolution
		HideSolutionNode = FALSE
	EndGlobalSection
	GlobalSection(ExtensibilityGlobals) = postSolution
		SolutionGuid = {DCA26BED-F79F-4BF7-9D77-F50081714C7D}
	EndGlobalSection
EndGlobal
