Microsoft Visual Studio Solution File, Format Version 12.00
# Visual Studio Version 17
VisualStudioVersion = 17.13.35825.156
MinimumVisualStudioVersion = 10.0.40219.1
Project("{FAE04EC0-301F-11D3-BF4B-00C04F79EFBC}") = "MoveZeros", "MoveZeros\MoveZeros.csproj", "{546795B1-C711-4153-AE93-B2B738FEFDD1}"
EndProject
Global
	GlobalSection(SolutionConfigurationPlatforms) = preSolution
		Debug|Any CPU = Debug|Any CPU
		Release|Any CPU = Release|Any CPU
	EndGlobalSection
	GlobalSection(ProjectConfigurationPlatforms) = postSolution
		{546795B1-C711-4153-AE93-B2B738FEFDD1}.Debug|Any CPU.ActiveCfg = Debug|Any CPU
		{546795B1-C711-4153-AE93-B2B738FEFDD1}.Debug|Any CPU.Build.0 = Debug|Any CPU
		{546795B1-C711-4153-AE93-B2B738FEFDD1}.Release|Any CPU.ActiveCfg = Release|Any CPU
		{546795B1-C711-4153-AE93-B2B738FEFDD1}.Release|Any CPU.Build.0 = Release|Any CPU
	EndGlobalSection
	GlobalSection(SolutionProperties) = preSolution
		HideSolutionNode = FALSE
	EndGlobalSection
	GlobalSection(ExtensibilityGlobals) = postSolution
		SolutionGuid = {53FC8969-58B2-4D1E-A4FA-18626D2B0A76}
	EndGlobalSection
EndGlobal
