Microsoft Visual Studio Solution File, Format Version 12.00
# Visual Studio Version 17
VisualStudioVersion = 17.13.35825.156
MinimumVisualStudioVersion = 10.0.40219.1
Project("{FAE04EC0-301F-11D3-BF4B-00C04F79EFBC}") = "MajorityElement", "MajorityElement\MajorityElement.csproj", "{12F4C010-FEF1-49D3-8951-2D59B8242A28}"
EndProject
Global
	GlobalSection(SolutionConfigurationPlatforms) = preSolution
		Debug|Any CPU = Debug|Any CPU
		Release|Any CPU = Release|Any CPU
	EndGlobalSection
	GlobalSection(ProjectConfigurationPlatforms) = postSolution
		{12F4C010-FEF1-49D3-8951-2D59B8242A28}.Debug|Any CPU.ActiveCfg = Debug|Any CPU
		{12F4C010-FEF1-49D3-8951-2D59B8242A28}.Debug|Any CPU.Build.0 = Debug|Any CPU
		{12F4C010-FEF1-49D3-8951-2D59B8242A28}.Release|Any CPU.ActiveCfg = Release|Any CPU
		{12F4C010-FEF1-49D3-8951-2D59B8242A28}.Release|Any CPU.Build.0 = Release|Any CPU
	EndGlobalSection
	GlobalSection(SolutionProperties) = preSolution
		HideSolutionNode = FALSE
	EndGlobalSection
	GlobalSection(ExtensibilityGlobals) = postSolution
		SolutionGuid = {936AF125-6405-404A-8B0E-06382246932C}
	EndGlobalSection
EndGlobal
