Microsoft Visual Studio Solution File, Format Version 12.00
# Visual Studio Version 17
VisualStudioVersion = 17.13.35825.156
MinimumVisualStudioVersion = 10.0.40219.1
Project("{FAE04EC0-301F-11D3-BF4B-00C04F79EFBC}") = "LengthOfTheLastWord", "LengthOfTheLastWord\LengthOfTheLastWord.csproj", "{7ADD82E9-6C7F-40F8-BA5A-864403A152C6}"
EndProject
Global
	GlobalSection(SolutionConfigurationPlatforms) = preSolution
		Debug|Any CPU = Debug|Any CPU
		Release|Any CPU = Release|Any CPU
	EndGlobalSection
	GlobalSection(ProjectConfigurationPlatforms) = postSolution
		{7ADD82E9-6C7F-40F8-BA5A-864403A152C6}.Debug|Any CPU.ActiveCfg = Debug|Any CPU
		{7ADD82E9-6C7F-40F8-BA5A-864403A152C6}.Debug|Any CPU.Build.0 = Debug|Any CPU
		{7ADD82E9-6C7F-40F8-BA5A-864403A152C6}.Release|Any CPU.ActiveCfg = Release|Any CPU
		{7ADD82E9-6C7F-40F8-BA5A-864403A152C6}.Release|Any CPU.Build.0 = Release|Any CPU
	EndGlobalSection
	GlobalSection(SolutionProperties) = preSolution
		HideSolutionNode = FALSE
	EndGlobalSection
	GlobalSection(ExtensibilityGlobals) = postSolution
		SolutionGuid = {82B8ED2C-EA91-44A9-A6CE-596B08C20245}
	EndGlobalSection
EndGlobal
